{
  "name": "cms-starter",
  "version": "1.0.0",
  "lockfileVersion": 3,
  "requires": true,
  "packages": {
    "": {
      "name": "cms-starter",
      "version": "1.0.0",
      "license": "ISC",
      "dependencies": {
        "@fastify/csrf-protection": "^7.1.0"
      }
    },
    "node_modules/@fastify/csrf": {
      "version": "8.0.0",
      "resolved": "https://registry.npmjs.org/@fastify/csrf/-/csrf-8.0.0.tgz",
      "integrity": "sha512-lRS12dIbK0MnS54AXq2TWj1hGi4I2UjywowxsW/RSr0tzoRaEjKKeae/aCIUHhN2QW5/SMD3MQg8SGTxF0iPkg==",
      "funding": [
        {
          "type": "github",
          "url": "https://github.com/sponsors/fastify"
        },
        {
          "type": "opencollective",
          "url": "https://opencollective.com/fastify"
        }
      ],
      "license": "MIT"
    },
    "node_modules/@fastify/csrf-protection": {
      "version": "7.1.0",
      "resolved": "https://registry.npmjs.org/@fastify/csrf-protection/-/csrf-protection-7.1.0.tgz",
      "integrity": "sha512-I2TDd4SRRYQivKCMHdB/8py+CPO9DT0e63lh4DO8MDCJh8NROq8HD/iO0IjYtwhsD3bZhr0cBXsFdfPvyTmzNw==",
      "funding": [
        {
          "type": "github",
          "url": "https://github.com/sponsors/fastify"
        },
        {
          "type": "opencollective",
          "url": "https://opencollective.com/fastify"
        }
      ],
      "license": "MIT",
      "dependencies": {
        "@fastify/csrf": "^8.0.0",
        "@fastify/error": "^4.0.0",
        "fastify-plugin": "^5.0.0"
      }
    },
    "node_modules/@fastify/error": {
      "version": "4.1.0",
      "resolved": "https://registry.npmjs.org/@fastify/error/-/error-4.1.0.tgz",
      "integrity": "sha512-KeFcciOr1eo/YvIXHP65S94jfEEqn1RxTRBT1aJaHxY5FK0/GDXYozsQMMWlZoHgi8i0s+YtrLsgj/JkUUjSkQ==",
      "funding": [
        {
          "type": "github",
          "url": "https://github.com/sponsors/fastify"
        },
        {
          "type": "opencollective",
          "url": "https://opencollective.com/fastify"
        }
      ],
      "license": "MIT"
    },
    "node_modules/fastify-plugin": {
      "version": "5.0.1",
      "resolved": "https://registry.npmjs.org/fastify-plugin/-/fastify-plugin-5.0.1.tgz",
      "integrity": "sha512-HCxs+YnRaWzCl+cWRYFnHmeRFyR5GVnJTAaCJQiYzQSDwK9MgJdyAsuL3nh0EWRCYMgQ5MeziymvmAhUHYHDUQ==",
      "license": "MIT"
    }
  }
}
